// !$*UTF8*$!
{
	archiveVersion = 1;
	classes = {
	};
	objectVersion = 50;
	objects = {

/* Begin PBXBuildFile section */
		3F1DC5732252A3C500F02FAF /* che.png in Resources */ = {isa = PBXBuildFile; fileRef = 3F1DC5722252A3C500F02FAF /* che.png */; };
		3F1DC5762252A6E400F02FAF /* MatchInfoRoot.swift in Sources */ = {isa = PBXBuildFile; fileRef = 3F1DC5752252A6E400F02FAF /* MatchInfoRoot.swift */; };
		3F1DC5782252AA0D00F02FAF /* MatchInfoNetworkAdapter.swift in Sources */ = {isa = PBXBuildFile; fileRef = 3F1DC5772252AA0D00F02FAF /* MatchInfoNetworkAdapter.swift */; };
		3F1DC57A2252AC2600F02FAF /* MatchInfoViewModel.swift in Sources */ = {isa = PBXBuildFile; fileRef = 3F1DC5792252AC2600F02FAF /* MatchInfoViewModel.swift */; };
		3F1DC57C2252AEEF00F02FAF /* IndividualMatchInfoViewController.swift in Sources */ = {isa = PBXBuildFile; fileRef = 3F1DC57B2252AEEF00F02FAF /* IndividualMatchInfoViewController.swift */; };
		3F1E0F37225680AE0093A4E1 /* VideoTableViewController.swift in Sources */ = {isa = PBXBuildFile; fileRef = 3F1E0F36225680AE0093A4E1 /* VideoTableViewController.swift */; };
		3F1E0F392256815B0093A4E1 /* PlayerView.swift in Sources */ = {isa = PBXBuildFile; fileRef = 3F1E0F382256815B0093A4E1 /* PlayerView.swift */; };
		3F1E0F3B2256820E0093A4E1 /* VideoTableViewCell.swift in Sources */ = {isa = PBXBuildFile; fileRef = 3F1E0F3A2256820E0093A4E1 /* VideoTableViewCell.swift */; };
		3F1E63E522663BA1009096C4 /* ARS.svg in Resources */ = {isa = PBXBuildFile; fileRef = 3F16BB3F226534AD004ED809 /* ARS.svg */; };
		3F1E63E622663BA1009096C4 /* BHA.svg in Resources */ = {isa = PBXBuildFile; fileRef = 3F16BB40226534AD004ED809 /* BHA.svg */; };
		3F1E63E722663BA1009096C4 /* BOU.svg in Resources */ = {isa = PBXBuildFile; fileRef = 3F16BB3A226534AC004ED809 /* BOU.svg */; };
		3F1E63E822663BA1009096C4 /* BUR.svg in Resources */ = {isa = PBXBuildFile; fileRef = 3F16BB3D226534AD004ED809 /* BUR.svg */; };
		3F1E63E922663BA1009096C4 /* CAR.svg in Resources */ = {isa = PBXBuildFile; fileRef = 3F16BB32226534AA004ED809 /* CAR.svg */; };
		3F1E63EA22663BA1009096C4 /* CHE.svg in Resources */ = {isa = PBXBuildFile; fileRef = 3F16BB42226534AD004ED809 /* CHE.svg */; };
		3F1E63EB22663BA1009096C4 /* CRY.svg in Resources */ = {isa = PBXBuildFile; fileRef = 3F16BB3C226534AC004ED809 /* CRY.svg */; };
		3F1E63EC22663BA1009096C4 /* EVE.svg in Resources */ = {isa = PBXBuildFile; fileRef = 3F16BB44226534AE004ED809 /* EVE.svg */; };
		3F1E63ED22663BA1009096C4 /* FUL.svg in Resources */ = {isa = PBXBuildFile; fileRef = 3F16BB33226534AA004ED809 /* FUL.svg */; };
		3F1E63EE22663BA1009096C4 /* HUD.svg in Resources */ = {isa = PBXBuildFile; fileRef = 3F16BB38226534AC004ED809 /* HUD.svg */; };
		3F1E63EF22663BA1009096C4 /* LEI.svg in Resources */ = {isa = PBXBuildFile; fileRef = 3F16BB41226534AD004ED809 /* LEI.svg */; };
		3F1E63F022663BA1009096C4 /* LIV.svg in Resources */ = {isa = PBXBuildFile; fileRef = 3F16BB35226534AB004ED809 /* LIV.svg */; };
		3F1E63F122663BA1009096C4 /* MCI.svg in Resources */ = {isa = PBXBuildFile; fileRef = 3F16BB39226534AC004ED809 /* MCI.svg */; };
		3F1E63F222663BA1009096C4 /* MUN.svg in Resources */ = {isa = PBXBuildFile; fileRef = 3F16BB36226534AB004ED809 /* MUN.svg */; };
		3F1E63F322663BA1009096C4 /* NEW.svg in Resources */ = {isa = PBXBuildFile; fileRef = 3F16BB37226534AB004ED809 /* NEW.svg */; };
		3F1E63F422663BA1009096C4 /* SOU.svg in Resources */ = {isa = PBXBuildFile; fileRef = 3F16BB45226534AE004ED809 /* SOU.svg */; };
		3F1E63F522663BA1009096C4 /* TOT.svg in Resources */ = {isa = PBXBuildFile; fileRef = 3F16BB43226534AE004ED809 /* TOT.svg */; };
		3F1E63F622663BA1009096C4 /* WAT.svg in Resources */ = {isa = PBXBuildFile; fileRef = 3F16BB34226534AA004ED809 /* WAT.svg */; };
		3F1E63F722663BA1009096C4 /* WHU.svg in Resources */ = {isa = PBXBuildFile; fileRef = 3F16BB3B226534AC004ED809 /* WHU.svg */; };
		3F1E63F822663BA1009096C4 /* WOL.svg in Resources */ = {isa = PBXBuildFile; fileRef = 3F16BB3E226534AD004ED809 /* WOL.svg */; };
		3F1E63FA226644E4009096C4 /* ArticleTableViewController.swift in Sources */ = {isa = PBXBuildFile; fileRef = 3F1E63F9226644E4009096C4 /* ArticleTableViewController.swift */; };
		3F1E63FC22664890009096C4 /* ArticleTableViewCell.swift in Sources */ = {isa = PBXBuildFile; fileRef = 3F1E63FB22664890009096C4 /* ArticleTableViewCell.swift */; };
		3F1E63FF22664CF1009096C4 /* ArticleRoot.swift in Sources */ = {isa = PBXBuildFile; fileRef = 3F1E63FE22664CF1009096C4 /* ArticleRoot.swift */; };
		3F1E640122664DD9009096C4 /* ArticleNetworkAdapter.swift in Sources */ = {isa = PBXBuildFile; fileRef = 3F1E640022664DD9009096C4 /* ArticleNetworkAdapter.swift */; };
		3F1E640322664E86009096C4 /* ArticleViewModel.swift in Sources */ = {isa = PBXBuildFile; fileRef = 3F1E640222664E86009096C4 /* ArticleViewModel.swift */; };
		3F3F61E8225E8E5F00F0F0A3 /* StandingsTableViewCell.swift in Sources */ = {isa = PBXBuildFile; fileRef = 3F3F61E7225E8E5F00F0F0A3 /* StandingsTableViewCell.swift */; };
		3F3F61EA225E90FF00F0F0A3 /* StandingsViewController.swift in Sources */ = {isa = PBXBuildFile; fileRef = 3F3F61E9225E90FF00F0F0A3 /* StandingsViewController.swift */; };
		3F792BDB225D4535009CEFEF /* StandingsViewModel.swift in Sources */ = {isa = PBXBuildFile; fileRef = 3F792BDA225D4535009CEFEF /* StandingsViewModel.swift */; };
		3FA85261225D12A10045920A /* StandingsRoot.swift in Sources */ = {isa = PBXBuildFile; fileRef = 3FA85260225D12A10045920A /* StandingsRoot.swift */; };
		3FA85263225D15110045920A /* StandingsNetworkAdapter.swift in Sources */ = {isa = PBXBuildFile; fileRef = 3FA85262225D15110045920A /* StandingsNetworkAdapter.swift */; };
		3FCDFF9E2260E490007B5F14 /* VideoViewModel.swift in Sources */ = {isa = PBXBuildFile; fileRef = 3FCDFF9B2260E490007B5F14 /* VideoViewModel.swift */; };
		3FCDFF9F2260E490007B5F14 /* VideoNetworkAdapter.swift in Sources */ = {isa = PBXBuildFile; fileRef = 3FCDFF9C2260E490007B5F14 /* VideoNetworkAdapter.swift */; };
		3FCDFFA22260E537007B5F14 /* VideoRoot.swift in Sources */ = {isa = PBXBuildFile; fileRef = 3FCDFFA12260E537007B5F14 /* VideoRoot.swift */; };
		3FD7D313224D35A000D8FD83 /* AppDelegate.swift in Sources */ = {isa = PBXBuildFile; fileRef = 3FD7D312224D35A000D8FD83 /* AppDelegate.swift */; };
		3FD7D315224D35A000D8FD83 /* ViewController.swift in Sources */ = {isa = PBXBuildFile; fileRef = 3FD7D314224D35A000D8FD83 /* ViewController.swift */; };
		3FD7D318224D35A000D8FD83 /* Main.storyboard in Resources */ = {isa = PBXBuildFile; fileRef = 3FD7D316224D35A000D8FD83 /* Main.storyboard */; };
		3FD7D31A224D35A100D8FD83 /* Assets.xcassets in Resources */ = {isa = PBXBuildFile; fileRef = 3FD7D319224D35A100D8FD83 /* Assets.xcassets */; };
		3FD7D31D224D35A100D8FD83 /* LaunchScreen.storyboard in Resources */ = {isa = PBXBuildFile; fileRef = 3FD7D31B224D35A100D8FD83 /* LaunchScreen.storyboard */; };
		3FD7D325224D369000D8FD83 /* Root.swift in Sources */ = {isa = PBXBuildFile; fileRef = 3FD7D324224D369000D8FD83 /* Root.swift */; };
		3FD7D328224D3B2D00D8FD83 /* MatchDay.swift in Sources */ = {isa = PBXBuildFile; fileRef = 3FD7D327224D3B2D00D8FD83 /* MatchDay.swift */; };
		3FD7D32C224D417D00D8FD83 /* Score.swift in Sources */ = {isa = PBXBuildFile; fileRef = 3FD7D32B224D417D00D8FD83 /* Score.swift */; };
		3FD7D32E224D41F400D8FD83 /* HomeTeam.swift in Sources */ = {isa = PBXBuildFile; fileRef = 3FD7D32D224D41F400D8FD83 /* HomeTeam.swift */; };
		3FD7D330224D421F00D8FD83 /* AwayTeam.swift in Sources */ = {isa = PBXBuildFile; fileRef = 3FD7D32F224D421F00D8FD83 /* AwayTeam.swift */; };
		3FD7D332224D44D600D8FD83 /* MatchNetworkAdapter.swift in Sources */ = {isa = PBXBuildFile; fileRef = 3FD7D331224D44D600D8FD83 /* MatchNetworkAdapter.swift */; };
		3FD7D334224D4DA000D8FD83 /* MatchDayViewModel.swift in Sources */ = {isa = PBXBuildFile; fileRef = 3FD7D333224D4DA000D8FD83 /* MatchDayViewModel.swift */; };
		3FD7D336224D4F1700D8FD83 /* Util.swift in Sources */ = {isa = PBXBuildFile; fileRef = 3FD7D335224D4F1700D8FD83 /* Util.swift */; };
		3FD7D339224D514A00D8FD83 /* MatchesTableViewCell.swift in Sources */ = {isa = PBXBuildFile; fileRef = 3FD7D338224D514A00D8FD83 /* MatchesTableViewCell.swift */; };
		3FD7D33F224D6D6500D8FD83 /* TeamNetworkAdapter.swift in Sources */ = {isa = PBXBuildFile; fileRef = 3FD7D33E224D6D6500D8FD83 /* TeamNetworkAdapter.swift */; };
		3FD7D341224D6E3800D8FD83 /* TeamViewModel.swift in Sources */ = {isa = PBXBuildFile; fileRef = 3FD7D340224D6E3800D8FD83 /* TeamViewModel.swift */; };
		87C21D14224D814C0094466F /* TeamRoot.swift in Sources */ = {isa = PBXBuildFile; fileRef = 87C21D13224D814C0094466F /* TeamRoot.swift */; };
		87C21D16224D839B0094466F /* Teams.swift in Sources */ = {isa = PBXBuildFile; fileRef = 87C21D15224D839B0094466F /* Teams.swift */; };
		87C21D17224D846B0094466F /* SVGKit.framework in Frameworks */ = {isa = PBXBuildFile; fileRef = 3FD7D342224D74BE00D8FD83 /* SVGKit.framework */; };
		87C21D18224D846B0094466F /* SVGKit.framework in Embed Frameworks */ = {isa = PBXBuildFile; fileRef = 3FD7D342224D74BE00D8FD83 /* SVGKit.framework */; settings = {ATTRIBUTES = (CodeSignOnCopy, RemoveHeadersOnCopy, ); }; };
		9E09590A259D22CB98047BC4 /* Pods_PREM.framework in Frameworks */ = {isa = PBXBuildFile; fileRef = DE51922CC265FC89D2791414 /* Pods_PREM.framework */; };
/* End PBXBuildFile section */

/* Begin PBXCopyFilesBuildPhase section */
		87C21D19224D846C0094466F /* Embed Frameworks */ = {
			isa = PBXCopyFilesBuildPhase;
			buildActionMask = 2147483647;
			dstPath = "";
			dstSubfolderSpec = 10;
			files = (
				87C21D18224D846B0094466F /* SVGKit.framework in Embed Frameworks */,
			);
			name = "Embed Frameworks";
			runOnlyForDeploymentPostprocessing = 0;
		};
/* End PBXCopyFilesBuildPhase section */

/* Begin PBXFileReference section */
		177D2148D4CA8D54D1AFF0D7 /* Pods-PREM.debug.xcconfig */ = {isa = PBXFileReference; includeInIndex = 1; lastKnownFileType = text.xcconfig; name = "Pods-PREM.debug.xcconfig"; path = "Target Support Files/Pods-PREM/Pods-PREM.debug.xcconfig"; sourceTree = "<group>"; };
		1BD401583F9CEEA2C83E5693 /* Pods-PREM.release.xcconfig */ = {isa = PBXFileReference; includeInIndex = 1; lastKnownFileType = text.xcconfig; name = "Pods-PREM.release.xcconfig"; path = "Target Support Files/Pods-PREM/Pods-PREM.release.xcconfig"; sourceTree = "<group>"; };
		3F16BB32226534AA004ED809 /* CAR.svg */ = {isa = PBXFileReference; lastKnownFileType = text; path = CAR.svg; sourceTree = "<group>"; };
		3F16BB33226534AA004ED809 /* FUL.svg */ = {isa = PBXFileReference; lastKnownFileType = text.xml; path = FUL.svg; sourceTree = "<group>"; };
		3F16BB34226534AA004ED809 /* WAT.svg */ = {isa = PBXFileReference; lastKnownFileType = text.xml; path = WAT.svg; sourceTree = "<group>"; };
		3F16BB35226534AB004ED809 /* LIV.svg */ = {isa = PBXFileReference; lastKnownFileType = text.xml; path = LIV.svg; sourceTree = "<group>"; };
		3F16BB36226534AB004ED809 /* MUN.svg */ = {isa = PBXFileReference; lastKnownFileType = text.xml; path = MUN.svg; sourceTree = "<group>"; };
		3F16BB37226534AB004ED809 /* NEW.svg */ = {isa = PBXFileReference; lastKnownFileType = text.xml; path = NEW.svg; sourceTree = "<group>"; };
		3F16BB38226534AC004ED809 /* HUD.svg */ = {isa = PBXFileReference; lastKnownFileType = text.xml; path = HUD.svg; sourceTree = "<group>"; };
		3F16BB39226534AC004ED809 /* MCI.svg */ = {isa = PBXFileReference; lastKnownFileType = text.xml; path = MCI.svg; sourceTree = "<group>"; };
		3F16BB3A226534AC004ED809 /* BOU.svg */ = {isa = PBXFileReference; lastKnownFileType = text.xml; path = BOU.svg; sourceTree = "<group>"; };
		3F16BB3B226534AC004ED809 /* WHU.svg */ = {isa = PBXFileReference; lastKnownFileType = text.xml; path = WHU.svg; sourceTree = "<group>"; };
		3F16BB3C226534AC004ED809 /* CRY.svg */ = {isa = PBXFileReference; lastKnownFileType = text.xml; path = CRY.svg; sourceTree = "<group>"; };
		3F16BB3D226534AD004ED809 /* BUR.svg */ = {isa = PBXFileReference; lastKnownFileType = text.xml; path = BUR.svg; sourceTree = "<group>"; };
		3F16BB3E226534AD004ED809 /* WOL.svg */ = {isa = PBXFileReference; lastKnownFileType = text.xml; path = WOL.svg; sourceTree = "<group>"; };
		3F16BB3F226534AD004ED809 /* ARS.svg */ = {isa = PBXFileReference; lastKnownFileType = text.xml; path = ARS.svg; sourceTree = "<group>"; };
		3F16BB40226534AD004ED809 /* BHA.svg */ = {isa = PBXFileReference; lastKnownFileType = text.xml; path = BHA.svg; sourceTree = "<group>"; };
		3F16BB41226534AD004ED809 /* LEI.svg */ = {isa = PBXFileReference; lastKnownFileType = text.xml; path = LEI.svg; sourceTree = "<group>"; };
		3F16BB42226534AD004ED809 /* CHE.svg */ = {isa = PBXFileReference; lastKnownFileType = text.xml; path = CHE.svg; sourceTree = "<group>"; };
		3F16BB43226534AE004ED809 /* TOT.svg */ = {isa = PBXFileReference; lastKnownFileType = text.xml; path = TOT.svg; sourceTree = "<group>"; };
		3F16BB44226534AE004ED809 /* EVE.svg */ = {isa = PBXFileReference; lastKnownFileType = text.xml; path = EVE.svg; sourceTree = "<group>"; };
		3F16BB45226534AE004ED809 /* SOU.svg */ = {isa = PBXFileReference; lastKnownFileType = text.xml; path = SOU.svg; sourceTree = "<group>"; };
		3F1DC5722252A3C500F02FAF /* che.png */ = {isa = PBXFileReference; lastKnownFileType = image.png; path = che.png; sourceTree = "<group>"; };
		3F1DC5752252A6E400F02FAF /* MatchInfoRoot.swift */ = {isa = PBXFileReference; lastKnownFileType = sourcecode.swift; path = MatchInfoRoot.swift; sourceTree = "<group>"; };
		3F1DC5772252AA0D00F02FAF /* MatchInfoNetworkAdapter.swift */ = {isa = PBXFileReference; lastKnownFileType = sourcecode.swift; path = MatchInfoNetworkAdapter.swift; sourceTree = "<group>"; };
		3F1DC5792252AC2600F02FAF /* MatchInfoViewModel.swift */ = {isa = PBXFileReference; lastKnownFileType = sourcecode.swift; path = MatchInfoViewModel.swift; sourceTree = "<group>"; };
		3F1DC57B2252AEEF00F02FAF /* IndividualMatchInfoViewController.swift */ = {isa = PBXFileReference; lastKnownFileType = sourcecode.swift; path = IndividualMatchInfoViewController.swift; sourceTree = "<group>"; };
		3F1E0F36225680AE0093A4E1 /* VideoTableViewController.swift */ = {isa = PBXFileReference; lastKnownFileType = sourcecode.swift; path = VideoTableViewController.swift; sourceTree = "<group>"; };
		3F1E0F382256815B0093A4E1 /* PlayerView.swift */ = {isa = PBXFileReference; lastKnownFileType = sourcecode.swift; path = PlayerView.swift; sourceTree = "<group>"; };
		3F1E0F3A2256820E0093A4E1 /* VideoTableViewCell.swift */ = {isa = PBXFileReference; lastKnownFileType = sourcecode.swift; path = VideoTableViewCell.swift; sourceTree = "<group>"; };
		3F1E63F9226644E4009096C4 /* ArticleTableViewController.swift */ = {isa = PBXFileReference; lastKnownFileType = sourcecode.swift; path = ArticleTableViewController.swift; sourceTree = "<group>"; };
		3F1E63FB22664890009096C4 /* ArticleTableViewCell.swift */ = {isa = PBXFileReference; lastKnownFileType = sourcecode.swift; path = ArticleTableViewCell.swift; sourceTree = "<group>"; };
		3F1E63FE22664CF1009096C4 /* ArticleRoot.swift */ = {isa = PBXFileReference; lastKnownFileType = sourcecode.swift; path = ArticleRoot.swift; sourceTree = "<group>"; };
		3F1E640022664DD9009096C4 /* ArticleNetworkAdapter.swift */ = {isa = PBXFileReference; lastKnownFileType = sourcecode.swift; path = ArticleNetworkAdapter.swift; sourceTree = "<group>"; };
		3F1E640222664E86009096C4 /* ArticleViewModel.swift */ = {isa = PBXFileReference; lastKnownFileType = sourcecode.swift; path = ArticleViewModel.swift; sourceTree = "<group>"; };
		3F3F61E7225E8E5F00F0F0A3 /* StandingsTableViewCell.swift */ = {isa = PBXFileReference; lastKnownFileType = sourcecode.swift; path = StandingsTableViewCell.swift; sourceTree = "<group>"; };
		3F3F61E9225E90FF00F0F0A3 /* StandingsViewController.swift */ = {isa = PBXFileReference; lastKnownFileType = sourcecode.swift; path = StandingsViewController.swift; sourceTree = "<group>"; };
		3F792BDA225D4535009CEFEF /* StandingsViewModel.swift */ = {isa = PBXFileReference; lastKnownFileType = sourcecode.swift; path = StandingsViewModel.swift; sourceTree = "<group>"; };
		3FA85260225D12A10045920A /* StandingsRoot.swift */ = {isa = PBXFileReference; lastKnownFileType = sourcecode.swift; path = StandingsRoot.swift; sourceTree = "<group>"; };
		3FA85262225D15110045920A /* StandingsNetworkAdapter.swift */ = {isa = PBXFileReference; lastKnownFileType = sourcecode.swift; path = StandingsNetworkAdapter.swift; sourceTree = "<group>"; };
		3FCDFF9B2260E490007B5F14 /* VideoViewModel.swift */ = {isa = PBXFileReference; fileEncoding = 4; lastKnownFileType = sourcecode.swift; path = VideoViewModel.swift; sourceTree = "<group>"; };
		3FCDFF9C2260E490007B5F14 /* VideoNetworkAdapter.swift */ = {isa = PBXFileReference; fileEncoding = 4; lastKnownFileType = sourcecode.swift; path = VideoNetworkAdapter.swift; sourceTree = "<group>"; };
		3FCDFFA12260E537007B5F14 /* VideoRoot.swift */ = {isa = PBXFileReference; lastKnownFileType = sourcecode.swift; path = VideoRoot.swift; sourceTree = "<group>"; };
		3FD7D30F224D35A000D8FD83 /* PREM.app */ = {isa = PBXFileReference; explicitFileType = wrapper.application; includeInIndex = 0; path = PREM.app; sourceTree = BUILT_PRODUCTS_DIR; };
		3FD7D312224D35A000D8FD83 /* AppDelegate.swift */ = {isa = PBXFileReference; lastKnownFileType = sourcecode.swift; path = AppDelegate.swift; sourceTree = "<group>"; };
		3FD7D314224D35A000D8FD83 /* ViewController.swift */ = {isa = PBXFileReference; lastKnownFileType = sourcecode.swift; path = ViewController.swift; sourceTree = "<group>"; };
		3FD7D317224D35A000D8FD83 /* Base */ = {isa = PBXFileReference; lastKnownFileType = file.storyboard; name = Base; path = Base.lproj/Main.storyboard; sourceTree = "<group>"; };
		3FD7D319224D35A100D8FD83 /* Assets.xcassets */ = {isa = PBXFileReference; lastKnownFileType = folder.assetcatalog; path = Assets.xcassets; sourceTree = "<group>"; };
		3FD7D31C224D35A100D8FD83 /* Base */ = {isa = PBXFileReference; lastKnownFileType = file.storyboard; name = Base; path = Base.lproj/LaunchScreen.storyboard; sourceTree = "<group>"; };
		3FD7D31E224D35A100D8FD83 /* Info.plist */ = {isa = PBXFileReference; lastKnownFileType = text.plist.xml; path = Info.plist; sourceTree = "<group>"; };
		3FD7D324224D369000D8FD83 /* Root.swift */ = {isa = PBXFileReference; lastKnownFileType = sourcecode.swift; path = Root.swift; sourceTree = "<group>"; };
		3FD7D327224D3B2D00D8FD83 /* MatchDay.swift */ = {isa = PBXFileReference; lastKnownFileType = sourcecode.swift; path = MatchDay.swift; sourceTree = "<group>"; };
		3FD7D32B224D417D00D8FD83 /* Score.swift */ = {isa = PBXFileReference; lastKnownFileType = sourcecode.swift; path = Score.swift; sourceTree = "<group>"; };
		3FD7D32D224D41F400D8FD83 /* HomeTeam.swift */ = {isa = PBXFileReference; lastKnownFileType = sourcecode.swift; path = HomeTeam.swift; sourceTree = "<group>"; };
		3FD7D32F224D421F00D8FD83 /* AwayTeam.swift */ = {isa = PBXFileReference; lastKnownFileType = sourcecode.swift; path = AwayTeam.swift; sourceTree = "<group>"; };
		3FD7D331224D44D600D8FD83 /* MatchNetworkAdapter.swift */ = {isa = PBXFileReference; lastKnownFileType = sourcecode.swift; path = MatchNetworkAdapter.swift; sourceTree = "<group>"; };
		3FD7D333224D4DA000D8FD83 /* MatchDayViewModel.swift */ = {isa = PBXFileReference; lastKnownFileType = sourcecode.swift; path = MatchDayViewModel.swift; sourceTree = "<group>"; };
		3FD7D335224D4F1700D8FD83 /* Util.swift */ = {isa = PBXFileReference; lastKnownFileType = sourcecode.swift; path = Util.swift; sourceTree = "<group>"; };
		3FD7D338224D514A00D8FD83 /* MatchesTableViewCell.swift */ = {isa = PBXFileReference; lastKnownFileType = sourcecode.swift; path = MatchesTableViewCell.swift; sourceTree = "<group>"; };
		3FD7D33E224D6D6500D8FD83 /* TeamNetworkAdapter.swift */ = {isa = PBXFileReference; lastKnownFileType = sourcecode.swift; path = TeamNetworkAdapter.swift; sourceTree = "<group>"; };
		3FD7D340224D6E3800D8FD83 /* TeamViewModel.swift */ = {isa = PBXFileReference; lastKnownFileType = sourcecode.swift; path = TeamViewModel.swift; sourceTree = "<group>"; };
		3FD7D342224D74BE00D8FD83 /* SVGKit.framework */ = {isa = PBXFileReference; lastKnownFileType = wrapper.framework; path = SVGKit.framework; sourceTree = "<group>"; };
		3FD7D344224D750C00D8FD83 /* bridging-header.h */ = {isa = PBXFileReference; lastKnownFileType = sourcecode.c.h; path = "bridging-header.h"; sourceTree = "<group>"; };
		87C21D13224D814C0094466F /* TeamRoot.swift */ = {isa = PBXFileReference; lastKnownFileType = sourcecode.swift; path = TeamRoot.swift; sourceTree = "<group>"; };
		87C21D15224D839B0094466F /* Teams.swift */ = {isa = PBXFileReference; lastKnownFileType = sourcecode.swift; path = Teams.swift; sourceTree = "<group>"; };
		DE51922CC265FC89D2791414 /* Pods_PREM.framework */ = {isa = PBXFileReference; explicitFileType = wrapper.framework; includeInIndex = 0; path = Pods_PREM.framework; sourceTree = BUILT_PRODUCTS_DIR; };
/* End PBXFileReference section */

/* Begin PBXFrameworksBuildPhase section */
		3FD7D30C224D35A000D8FD83 /* Frameworks */ = {
			isa = PBXFrameworksBuildPhase;
			buildActionMask = 2147483647;
			files = (
				87C21D17224D846B0094466F /* SVGKit.framework in Frameworks */,
				9E09590A259D22CB98047BC4 /* Pods_PREM.framework in Frameworks */,
			);
			runOnlyForDeploymentPostprocessing = 0;
		};
/* End PBXFrameworksBuildPhase section */

/* Begin PBXGroup section */
		3F16BB312265349D004ED809 /* SVG */ = {
			isa = PBXGroup;
			children = (
				3F16BB3F226534AD004ED809 /* ARS.svg */,
				3F16BB40226534AD004ED809 /* BHA.svg */,
				3F16BB3A226534AC004ED809 /* BOU.svg */,
				3F16BB3D226534AD004ED809 /* BUR.svg */,
				3F16BB32226534AA004ED809 /* CAR.svg */,
				3F16BB42226534AD004ED809 /* CHE.svg */,
				3F16BB3C226534AC004ED809 /* CRY.svg */,
				3F16BB44226534AE004ED809 /* EVE.svg */,
				3F16BB33226534AA004ED809 /* FUL.svg */,
				3F16BB38226534AC004ED809 /* HUD.svg */,
				3F16BB41226534AD004ED809 /* LEI.svg */,
				3F16BB35226534AB004ED809 /* LIV.svg */,
				3F16BB39226534AC004ED809 /* MCI.svg */,
				3F16BB36226534AB004ED809 /* MUN.svg */,
				3F16BB37226534AB004ED809 /* NEW.svg */,
				3F16BB45226534AE004ED809 /* SOU.svg */,
				3F16BB43226534AE004ED809 /* TOT.svg */,
				3F16BB34226534AA004ED809 /* WAT.svg */,
				3F16BB3B226534AC004ED809 /* WHU.svg */,
				3F16BB3E226534AD004ED809 /* WOL.svg */,
			);
			path = SVG;
			sourceTree = "<group>";
		};
		3F1DC5742252A6BE00F02FAF /* IndividualMatchInfo */ = {
			isa = PBXGroup;
			children = (
				3F1DC5752252A6E400F02FAF /* MatchInfoRoot.swift */,
				3F1DC5772252AA0D00F02FAF /* MatchInfoNetworkAdapter.swift */,
				3F1DC5792252AC2600F02FAF /* MatchInfoViewModel.swift */,
			);
			path = IndividualMatchInfo;
			sourceTree = "<group>";
		};
		3F1DC57D2252B42700F02FAF /* TableCellController */ = {
			isa = PBXGroup;
			children = (
				3FD7D338224D514A00D8FD83 /* MatchesTableViewCell.swift */,
				3F1E0F3A2256820E0093A4E1 /* VideoTableViewCell.swift */,
				3F3F61E7225E8E5F00F0F0A3 /* StandingsTableViewCell.swift */,
				3F1E63FB22664890009096C4 /* ArticleTableViewCell.swift */,
			);
			path = TableCellController;
			sourceTree = "<group>";
		};
		3F1E63FD22664CE1009096C4 /* Article */ = {
			isa = PBXGroup;
			children = (
				3F1E63FE22664CF1009096C4 /* ArticleRoot.swift */,
				3F1E640022664DD9009096C4 /* ArticleNetworkAdapter.swift */,
				3F1E640222664E86009096C4 /* ArticleViewModel.swift */,
			);
			path = Article;
			sourceTree = "<group>";
		};
		3FA8525F225D12890045920A /* Standings */ = {
			isa = PBXGroup;
			children = (
				3FA85260225D12A10045920A /* StandingsRoot.swift */,
				3FA85262225D15110045920A /* StandingsNetworkAdapter.swift */,
				3F792BDA225D4535009CEFEF /* StandingsViewModel.swift */,
			);
			path = Standings;
			sourceTree = "<group>";
		};
		3FC3730E2A520EC4C935BE3F /* Pods */ = {
			isa = PBXGroup;
			children = (
				177D2148D4CA8D54D1AFF0D7 /* Pods-PREM.debug.xcconfig */,
				1BD401583F9CEEA2C83E5693 /* Pods-PREM.release.xcconfig */,
			);
			path = Pods;
			sourceTree = "<group>";
		};
		3FCDFFA02260E495007B5F14 /* Video */ = {
			isa = PBXGroup;
			children = (
				3FCDFFA12260E537007B5F14 /* VideoRoot.swift */,
				3FCDFF9C2260E490007B5F14 /* VideoNetworkAdapter.swift */,
				3FCDFF9B2260E490007B5F14 /* VideoViewModel.swift */,
			);
			path = Video;
			sourceTree = "<group>";
		};
		3FD7D306224D35A000D8FD83 = {
			isa = PBXGroup;
			children = (
				3FD7D311224D35A000D8FD83 /* PREM */,
				3FD7D310224D35A000D8FD83 /* Products */,
				3FD7D342224D74BE00D8FD83 /* SVGKit.framework */,
				3FC3730E2A520EC4C935BE3F /* Pods */,
				C036D0731D2C15B126D0C366 /* Frameworks */,
			);
			sourceTree = "<group>";
		};
		3FD7D310224D35A000D8FD83 /* Products */ = {
			isa = PBXGroup;
			children = (
				3FD7D30F224D35A000D8FD83 /* PREM.app */,
			);
			name = Products;
			sourceTree = "<group>";
		};
		3FD7D311224D35A000D8FD83 /* PREM */ = {
			isa = PBXGroup;
			children = (
				3F16BB312265349D004ED809 /* SVG */,
				3F1DC57D2252B42700F02FAF /* TableCellController */,
				3FD7D337224D50E300D8FD83 /* ViewControllers */,
				3FD7D326224D369700D8FD83 /* Models */,
				3FD7D312224D35A000D8FD83 /* AppDelegate.swift */,
				3FD7D316224D35A000D8FD83 /* Main.storyboard */,
				3FD7D319224D35A100D8FD83 /* Assets.xcassets */,
				3F1DC5722252A3C500F02FAF /* che.png */,
				3FD7D31B224D35A100D8FD83 /* LaunchScreen.storyboard */,
				3FD7D31E224D35A100D8FD83 /* Info.plist */,
				3FD7D335224D4F1700D8FD83 /* Util.swift */,
				3FD7D344224D750C00D8FD83 /* bridging-header.h */,
			);
			path = PREM;
			sourceTree = "<group>";
		};
		3FD7D326224D369700D8FD83 /* Models */ = {
			isa = PBXGroup;
			children = (
				3F1E63FD22664CE1009096C4 /* Article */,
				3FCDFFA02260E495007B5F14 /* Video */,
				3FA8525F225D12890045920A /* Standings */,
				3F1DC5742252A6BE00F02FAF /* IndividualMatchInfo */,
				3FD7D33B224D6C9400D8FD83 /* Teams */,
				3FD7D33A224D6C8500D8FD83 /* Matches */,
			);
			path = Models;
			sourceTree = "<group>";
		};
		3FD7D337224D50E300D8FD83 /* ViewControllers */ = {
			isa = PBXGroup;
			children = (
				3FD7D314224D35A000D8FD83 /* ViewController.swift */,
				3F1DC57B2252AEEF00F02FAF /* IndividualMatchInfoViewController.swift */,
				3F1E0F36225680AE0093A4E1 /* VideoTableViewController.swift */,
				3F1E0F382256815B0093A4E1 /* PlayerView.swift */,
				3F3F61E9225E90FF00F0F0A3 /* StandingsViewController.swift */,
				3F1E63F9226644E4009096C4 /* ArticleTableViewController.swift */,
			);
			path = ViewControllers;
			sourceTree = "<group>";
		};
		3FD7D33A224D6C8500D8FD83 /* Matches */ = {
			isa = PBXGroup;
			children = (
				3FD7D324224D369000D8FD83 /* Root.swift */,
				3FD7D327224D3B2D00D8FD83 /* MatchDay.swift */,
				3FD7D32B224D417D00D8FD83 /* Score.swift */,
				3FD7D32D224D41F400D8FD83 /* HomeTeam.swift */,
				3FD7D32F224D421F00D8FD83 /* AwayTeam.swift */,
				3FD7D331224D44D600D8FD83 /* MatchNetworkAdapter.swift */,
				3FD7D333224D4DA000D8FD83 /* MatchDayViewModel.swift */,
			);
			path = Matches;
			sourceTree = "<group>";
		};
		3FD7D33B224D6C9400D8FD83 /* Teams */ = {
			isa = PBXGroup;
			children = (
				87C21D13224D814C0094466F /* TeamRoot.swift */,
				87C21D15224D839B0094466F /* Teams.swift */,
				3FD7D33E224D6D6500D8FD83 /* TeamNetworkAdapter.swift */,
				3FD7D340224D6E3800D8FD83 /* TeamViewModel.swift */,
			);
			path = Teams;
			sourceTree = "<group>";
		};
		C036D0731D2C15B126D0C366 /* Frameworks */ = {
			isa = PBXGroup;
			children = (
				DE51922CC265FC89D2791414 /* Pods_PREM.framework */,
			);
			name = Frameworks;
			sourceTree = "<group>";
		};
/* End PBXGroup section */

/* Begin PBXNativeTarget section */
		3FD7D30E224D35A000D8FD83 /* PREM */ = {
			isa = PBXNativeTarget;
			buildConfigurationList = 3FD7D321224D35A100D8FD83 /* Build configuration list for PBXNativeTarget "PREM" */;
			buildPhases = (
				89FC69FF1E3521BCB0DDF62E /* [CP] Check Pods Manifest.lock */,
				3FD7D30B224D35A000D8FD83 /* Sources */,
				3FD7D30C224D35A000D8FD83 /* Frameworks */,
				3FD7D30D224D35A000D8FD83 /* Resources */,
				87C21D19224D846C0094466F /* Embed Frameworks */,
				D8B7CAACCD893576D505AEB1 /* [CP] Embed Pods Frameworks */,
			);
			buildRules = (
			);
			dependencies = (
			);
			name = PREM;
			productName = PREM;
			productReference = 3FD7D30F224D35A000D8FD83 /* PREM.app */;
			productType = "com.apple.product-type.application";
		};
/* End PBXNativeTarget section */

/* Begin PBXProject section */
		3FD7D307224D35A000D8FD83 /* Project object */ = {
			isa = PBXProject;
			attributes = {
				LastSwiftUpdateCheck = 1010;
				LastUpgradeCheck = 1000;
				ORGANIZATIONNAME = Tanaka;
				TargetAttributes = {
					3FD7D30E224D35A000D8FD83 = {
						CreatedOnToolsVersion = 10.1;
					};
				};
			};
			buildConfigurationList = 3FD7D30A224D35A000D8FD83 /* Build configuration list for PBXProject "PREM" */;
			compatibilityVersion = "Xcode 9.3";
			developmentRegion = en;
			hasScannedForEncodings = 0;
			knownRegions = (
				en,
				Base,
			);
			mainGroup = 3FD7D306224D35A000D8FD83;
			productRefGroup = 3FD7D310224D35A000D8FD83 /* Products */;
			projectDirPath = "";
			projectRoot = "";
			targets = (
				3FD7D30E224D35A000D8FD83 /* PREM */,
			);
		};
/* End PBXProject section */

/* Begin PBXResourcesBuildPhase section */
		3FD7D30D224D35A000D8FD83 /* Resources */ = {
			isa = PBXResourcesBuildPhase;
			buildActionMask = 2147483647;
			files = (
				3F1E63E522663BA1009096C4 /* ARS.svg in Resources */,
				3F1E63E622663BA1009096C4 /* BHA.svg in Resources */,
				3F1E63E722663BA1009096C4 /* BOU.svg in Resources */,
				3F1E63E822663BA1009096C4 /* BUR.svg in Resources */,
				3F1E63E922663BA1009096C4 /* CAR.svg in Resources */,
				3F1E63EA22663BA1009096C4 /* CHE.svg in Resources */,
				3F1E63EB22663BA1009096C4 /* CRY.svg in Resources */,
				3F1E63EC22663BA1009096C4 /* EVE.svg in Resources */,
				3F1E63ED22663BA1009096C4 /* FUL.svg in Resources */,
				3F1E63EE22663BA1009096C4 /* HUD.svg in Resources */,
				3F1E63EF22663BA1009096C4 /* LEI.svg in Resources */,
				3F1E63F022663BA1009096C4 /* LIV.svg in Resources */,
				3F1E63F122663BA1009096C4 /* MCI.svg in Resources */,
				3F1E63F222663BA1009096C4 /* MUN.svg in Resources */,
				3F1E63F322663BA1009096C4 /* NEW.svg in Resources */,
				3F1E63F422663BA1009096C4 /* SOU.svg in Resources */,
				3F1E63F522663BA1009096C4 /* TOT.svg in Resources */,
				3F1E63F622663BA1009096C4 /* WAT.svg in Resources */,
				3F1E63F722663BA1009096C4 /* WHU.svg in Resources */,
				3F1E63F822663BA1009096C4 /* WOL.svg in Resources */,
				3FD7D31D224D35A100D8FD83 /* LaunchScreen.storyboard in Resources */,
				3F1DC5732252A3C500F02FAF /* che.png in Resources */,
				3FD7D31A224D35A100D8FD83 /* Assets.xcassets in Resources */,
				3FD7D318224D35A000D8FD83 /* Main.storyboard in Resources */,
			);
			runOnlyForDeploymentPostprocessing = 0;
		};
/* End PBXResourcesBuildPhase section */

/* Begin PBXShellScriptBuildPhase section */
		89FC69FF1E3521BCB0DDF62E /* [CP] Check Pods Manifest.lock */ = {
			isa = PBXShellScriptBuildPhase;
			buildActionMask = 2147483647;
			files = (
			);
			inputFileListPaths = (
			);
			inputPaths = (
				"${PODS_PODFILE_DIR_PATH}/Podfile.lock",
				"${PODS_ROOT}/Manifest.lock",
			);
			name = "[CP] Check Pods Manifest.lock";
			outputFileListPaths = (
			);
			outputPaths = (
				"$(DERIVED_FILE_DIR)/Pods-PREM-checkManifestLockResult.txt",
			);
			runOnlyForDeploymentPostprocessing = 0;
			shellPath = /bin/sh;
			shellScript = "diff \"${PODS_PODFILE_DIR_PATH}/Podfile.lock\" \"${PODS_ROOT}/Manifest.lock\" > /dev/null\nif [ $? != 0 ] ; then\n    # print error to STDERR\n    echo \"error: The sandbox is not in sync with the Podfile.lock. Run 'pod install' or update your CocoaPods installation.\" >&2\n    exit 1\nfi\n# This output is used by Xcode 'outputs' to avoid re-running this script phase.\necho \"SUCCESS\" > \"${SCRIPT_OUTPUT_FILE_0}\"\n";
			showEnvVarsInLog = 0;
		};
		D8B7CAACCD893576D505AEB1 /* [CP] Embed Pods Frameworks */ = {
			isa = PBXShellScriptBuildPhase;
			buildActionMask = 2147483647;
			files = (
			);
			inputFileListPaths = (
			);
			inputPaths = (
				"${PODS_ROOT}/Target Support Files/Pods-PREM/Pods-PREM-frameworks.sh",
				"${BUILT_PRODUCTS_DIR}/CocoaLumberjack/CocoaLumberjack.framework",
			);
			name = "[CP] Embed Pods Frameworks";
			outputFileListPaths = (
			);
			outputPaths = (
				"${TARGET_BUILD_DIR}/${FRAMEWORKS_FOLDER_PATH}/CocoaLumberjack.framework",
			);
			runOnlyForDeploymentPostprocessing = 0;
			shellPath = /bin/sh;
			shellScript = "\"${PODS_ROOT}/Target Support Files/Pods-PREM/Pods-PREM-frameworks.sh\"\n";
			showEnvVarsInLog = 0;
		};
/* End PBXShellScriptBuildPhase section */

/* Begin PBXSourcesBuildPhase section */
		3FD7D30B224D35A000D8FD83 /* Sources */ = {
			isa = PBXSourcesBuildPhase;
			buildActionMask = 2147483647;
			files = (
				3FD7D334224D4DA000D8FD83 /* MatchDayViewModel.swift in Sources */,
				3FD7D33F224D6D6500D8FD83 /* TeamNetworkAdapter.swift in Sources */,
				3F3F61EA225E90FF00F0F0A3 /* StandingsViewController.swift in Sources */,
				3F1DC5782252AA0D00F02FAF /* MatchInfoNetworkAdapter.swift in Sources */,
				3F1E63FA226644E4009096C4 /* ArticleTableViewController.swift in Sources */,
				3F1E0F3B2256820E0093A4E1 /* VideoTableViewCell.swift in Sources */,
				3FD7D315224D35A000D8FD83 /* ViewController.swift in Sources */,
				3F1DC57C2252AEEF00F02FAF /* IndividualMatchInfoViewController.swift in Sources */,
				3FA85263225D15110045920A /* StandingsNetworkAdapter.swift in Sources */,
				3FD7D330224D421F00D8FD83 /* AwayTeam.swift in Sources */,
				3FD7D32E224D41F400D8FD83 /* HomeTeam.swift in Sources */,
				3F3F61E8225E8E5F00F0F0A3 /* StandingsTableViewCell.swift in Sources */,
				3F1E63FF22664CF1009096C4 /* ArticleRoot.swift in Sources */,
				3FCDFFA22260E537007B5F14 /* VideoRoot.swift in Sources */,
				3F1E0F37225680AE0093A4E1 /* VideoTableViewController.swift in Sources */,
				3FCDFF9E2260E490007B5F14 /* VideoViewModel.swift in Sources */,
				3FCDFF9F2260E490007B5F14 /* VideoNetworkAdapter.swift in Sources */,
				3FD7D339224D514A00D8FD83 /* MatchesTableViewCell.swift in Sources */,
				3F1E0F392256815B0093A4E1 /* PlayerView.swift in Sources */,
				87C21D16224D839B0094466F /* Teams.swift in Sources */,
				3F1DC57A2252AC2600F02FAF /* MatchInfoViewModel.swift in Sources */,
				3FD7D325224D369000D8FD83 /* Root.swift in Sources */,
				3FA85261225D12A10045920A /* StandingsRoot.swift in Sources */,
				3FD7D332224D44D600D8FD83 /* MatchNetworkAdapter.swift in Sources */,
				3FD7D313224D35A000D8FD83 /* AppDelegate.swift in Sources */,
				3FD7D336224D4F1700D8FD83 /* Util.swift in Sources */,
				3F1DC5762252A6E400F02FAF /* MatchInfoRoot.swift in Sources */,
				3F1E640122664DD9009096C4 /* ArticleNetworkAdapter.swift in Sources */,
				3FD7D341224D6E3800D8FD83 /* TeamViewModel.swift in Sources */,
				3FD7D328224D3B2D00D8FD83 /* MatchDay.swift in Sources */,
				3F1E63FC22664890009096C4 /* ArticleTableViewCell.swift in Sources */,
				87C21D14224D814C0094466F /* TeamRoot.swift in Sources */,
				3F792BDB225D4535009CEFEF /* StandingsViewModel.swift in Sources */,
				3F1E640322664E86009096C4 /* ArticleViewModel.swift in Sources */,
				3FD7D32C224D417D00D8FD83 /* Score.swift in Sources */,
			);
			runOnlyForDeploymentPostprocessing = 0;
		};
/* End PBXSourcesBuildPhase section */

/* Begin PBXVariantGroup section */
		3FD7D316224D35A000D8FD83 /* Main.storyboard */ = {
			isa = PBXVariantGroup;
			children = (
				3FD7D317224D35A000D8FD83 /* Base */,
			);
			name = Main.storyboard;
			sourceTree = "<group>";
		};
		3FD7D31B224D35A100D8FD83 /* LaunchScreen.storyboard */ = {
			isa = PBXVariantGroup;
			children = (
				3FD7D31C224D35A100D8FD83 /* Base */,
			);
			name = LaunchScreen.storyboard;
			sourceTree = "<group>";
		};
/* End PBXVariantGroup section */

/* Begin XCBuildConfiguration section */
		3FD7D31F224D35A100D8FD83 /* Debug */ = {
			isa = XCBuildConfiguration;
			buildSettings = {
				ALWAYS_SEARCH_USER_PATHS = NO;
				CLANG_ANALYZER_NONNULL = YES;
				CLANG_ANALYZER_NUMBER_OBJECT_CONVERSION = YES_AGGRESSIVE;
				CLANG_CXX_LANGUAGE_STANDARD = "gnu++14";
				CLANG_CXX_LIBRARY = "libc++";
				CLANG_ENABLE_MODULES = YES;
				CLANG_ENABLE_OBJC_ARC = YES;
				CLANG_ENABLE_OBJC_WEAK = YES;
				CLANG_WARN_BLOCK_CAPTURE_AUTORELEASING = YES;
				CLANG_WARN_BOOL_CONVERSION = YES;
				CLANG_WARN_COMMA = YES;
				CLANG_WARN_CONSTANT_CONVERSION = YES;
				CLANG_WARN_DEPRECATED_OBJC_IMPLEMENTATIONS = YES;
				CLANG_WARN_DIRECT_OBJC_ISA_USAGE = YES_ERROR;
				CLANG_WARN_DOCUMENTATION_COMMENTS = YES;
				CLANG_WARN_EMPTY_BODY = YES;
				CLANG_WARN_ENUM_CONVERSION = YES;
				CLANG_WARN_INFINITE_RECURSION = YES;
				CLANG_WARN_INT_CONVERSION = YES;
				CLANG_WARN_NON_LITERAL_NULL_CONVERSION = YES;
				CLANG_WARN_OBJC_IMPLICIT_RETAIN_SELF = YES;
				CLANG_WARN_OBJC_LITERAL_CONVERSION = YES;
				CLANG_WARN_OBJC_ROOT_CLASS = YES_ERROR;
				CLANG_WARN_RANGE_LOOP_ANALYSIS = YES;
				CLANG_WARN_STRICT_PROTOTYPES = YES;
				CLANG_WARN_SUSPICIOUS_MOVE = YES;
				CLANG_WARN_UNGUARDED_AVAILABILITY = YES_AGGRESSIVE;
				CLANG_WARN_UNREACHABLE_CODE = YES;
				CLANG_WARN__DUPLICATE_METHOD_MATCH = YES;
				CODE_SIGN_IDENTITY = "iPhone Developer";
				COPY_PHASE_STRIP = NO;
				DEBUG_INFORMATION_FORMAT = dwarf;
				ENABLE_STRICT_OBJC_MSGSEND = YES;
				ENABLE_TESTABILITY = YES;
				GCC_C_LANGUAGE_STANDARD = gnu11;
				GCC_DYNAMIC_NO_PIC = NO;
				GCC_NO_COMMON_BLOCKS = YES;
				GCC_OPTIMIZATION_LEVEL = 0;
				GCC_PREPROCESSOR_DEFINITIONS = (
					"DEBUG=1",
					"$(inherited)",
				);
				GCC_WARN_64_TO_32_BIT_CONVERSION = YES;
				GCC_WARN_ABOUT_RETURN_TYPE = YES_ERROR;
				GCC_WARN_UNDECLARED_SELECTOR = YES;
				GCC_WARN_UNINITIALIZED_AUTOS = YES_AGGRESSIVE;
				GCC_WARN_UNUSED_FUNCTION = YES;
				GCC_WARN_UNUSED_VARIABLE = YES;
				IPHONEOS_DEPLOYMENT_TARGET = 12.1;
				MTL_ENABLE_DEBUG_INFO = INCLUDE_SOURCE;
				MTL_FAST_MATH = YES;
				ONLY_ACTIVE_ARCH = YES;
				SDKROOT = iphoneos;
				SWIFT_ACTIVE_COMPILATION_CONDITIONS = DEBUG;
				SWIFT_OPTIMIZATION_LEVEL = "-Onone";
			};
			name = Debug;
		};
		3FD7D320224D35A100D8FD83 /* Release */ = {
			isa = XCBuildConfiguration;
			buildSettings = {
				ALWAYS_SEARCH_USER_PATHS = NO;
				CLANG_ANALYZER_NONNULL = YES;
				CLANG_ANALYZER_NUMBER_OBJECT_CONVERSION = YES_AGGRESSIVE;
				CLANG_CXX_LANGUAGE_STANDARD = "gnu++14";
				CLANG_CXX_LIBRARY = "libc++";
				CLANG_ENABLE_MODULES = YES;
				CLANG_ENABLE_OBJC_ARC = YES;
				CLANG_ENABLE_OBJC_WEAK = YES;
				CLANG_WARN_BLOCK_CAPTURE_AUTORELEASING = YES;
				CLANG_WARN_BOOL_CONVERSION = YES;
				CLANG_WARN_COMMA = YES;
				CLANG_WARN_CONSTANT_CONVERSION = YES;
				CLANG_WARN_DEPRECATED_OBJC_IMPLEMENTATIONS = YES;
				CLANG_WARN_DIRECT_OBJC_ISA_USAGE = YES_ERROR;
				CLANG_WARN_DOCUMENTATION_COMMENTS = YES;
				CLANG_WARN_EMPTY_BODY = YES;
				CLANG_WARN_ENUM_CONVERSION = YES;
				CLANG_WARN_INFINITE_RECURSION = YES;
				CLANG_WARN_INT_CONVERSION = YES;
				CLANG_WARN_NON_LITERAL_NULL_CONVERSION = YES;
				CLANG_WARN_OBJC_IMPLICIT_RETAIN_SELF = YES;
				CLANG_WARN_OBJC_LITERAL_CONVERSION = YES;
				CLANG_WARN_OBJC_ROOT_CLASS = YES_ERROR;
				CLANG_WARN_RANGE_LOOP_ANALYSIS = YES;
				CLANG_WARN_STRICT_PROTOTYPES = YES;
				CLANG_WARN_SUSPICIOUS_MOVE = YES;
				CLANG_WARN_UNGUARDED_AVAILABILITY = YES_AGGRESSIVE;
				CLANG_WARN_UNREACHABLE_CODE = YES;
				CLANG_WARN__DUPLICATE_METHOD_MATCH = YES;
				CODE_SIGN_IDENTITY = "iPhone Developer";
				COPY_PHASE_STRIP = NO;
				DEBUG_INFORMATION_FORMAT = "dwarf-with-dsym";
				ENABLE_NS_ASSERTIONS = NO;
				ENABLE_STRICT_OBJC_MSGSEND = YES;
				GCC_C_LANGUAGE_STANDARD = gnu11;
				GCC_NO_COMMON_BLOCKS = YES;
				GCC_WARN_64_TO_32_BIT_CONVERSION = YES;
				GCC_WARN_ABOUT_RETURN_TYPE = YES_ERROR;
				GCC_WARN_UNDECLARED_SELECTOR = YES;
				GCC_WARN_UNINITIALIZED_AUTOS = YES_AGGRESSIVE;
				GCC_WARN_UNUSED_FUNCTION = YES;
				GCC_WARN_UNUSED_VARIABLE = YES;
				IPHONEOS_DEPLOYMENT_TARGET = 12.1;
				MTL_ENABLE_DEBUG_INFO = NO;
				MTL_FAST_MATH = YES;
				SDKROOT = iphoneos;
				SWIFT_COMPILATION_MODE = wholemodule;
				SWIFT_OPTIMIZATION_LEVEL = "-O";
				VALIDATE_PRODUCT = YES;
			};
			name = Release;
		};
		3FD7D322224D35A100D8FD83 /* Debug */ = {
			isa = XCBuildConfiguration;
			baseConfigurationReference = 177D2148D4CA8D54D1AFF0D7 /* Pods-PREM.debug.xcconfig */;
			buildSettings = {
				ASSETCATALOG_COMPILER_APPICON_NAME = AppIcon;
				CODE_SIGN_STYLE = Automatic;
				FRAMEWORK_SEARCH_PATHS = (
					"$(inherited)",
					"$(PROJECT_DIR)",
				);
				INFOPLIST_FILE = PREM/Info.plist;
				IPHONEOS_DEPLOYMENT_TARGET = 11.4;
				LD_RUNPATH_SEARCH_PATHS = (
					"$(inherited)",
					"@executable_path/Frameworks",
				);
				PRODUCT_BUNDLE_IDENTIFIER = edu.otterbein.PREM;
				PRODUCT_NAME = "$(TARGET_NAME)";
				SWIFT_VERSION = 4.2;
				TARGETED_DEVICE_FAMILY = "1,2";
			};
			name = Debug;
		};
		3FD7D323224D35A100D8FD83 /* Release */ = {
			isa = XCBuildConfiguration;
			baseConfigurationReference = 1BD401583F9CEEA2C83E5693 /* Pods-PREM.release.xcconfig */;
			buildSettings = {
				ASSETCATALOG_COMPILER_APPICON_NAME = AppIcon;
				CODE_SIGN_STYLE = Automatic;
				FRAMEWORK_SEARCH_PATHS = (
					"$(inherited)",
					"$(PROJECT_DIR)",
				);
				INFOPLIST_FILE = PREM/Info.plist;
				IPHONEOS_DEPLOYMENT_TARGET = 11.4;
				LD_RUNPATH_SEARCH_PATHS = (
					"$(inherited)",
					"@executable_path/Frameworks",
				);
				PRODUCT_BUNDLE_IDENTIFIER = edu.otterbein.PREM;
				PRODUCT_NAME = "$(TARGET_NAME)";
				SWIFT_VERSION = 4.2;
				TARGETED_DEVICE_FAMILY = "1,2";
			};
			name = Release;
		};
/* End XCBuildConfiguration section */

/* Begin XCConfigurationList section */
		3FD7D30A224D35A000D8FD83 /* Build configuration list for PBXProject "PREM" */ = {
			isa = XCConfigurationList;
			buildConfigurations = (
				3FD7D31F224D35A100D8FD83 /* Debug */,
				3FD7D320224D35A100D8FD83 /* Release */,
			);
			defaultConfigurationIsVisible = 0;
			defaultConfigurationName = Release;
		};
		3FD7D321224D35A100D8FD83 /* Build configuration list for PBXNativeTarget "PREM" */ = {
			isa = XCConfigurationList;
			buildConfigurations = (
				3FD7D322224D35A100D8FD83 /* Debug */,
				3FD7D323224D35A100D8FD83 /* Release */,
			);
			defaultConfigurationIsVisible = 0;
			defaultConfigurationName = Release;
		};
/* End XCConfigurationList section */
	};
	rootObject = 3FD7D307224D35A000D8FD83 /* Project object */;
}
